github.com/a-h/templ v0.3.906 h1:ZUThc8Q9n04UATaCwaG60pB1AqbulLmYEAMnWV63svg=
github.com/a-h/templ v0.3.906/go.mod h1:FFAu4dI//ESmEN7PQkJ7E7QfnSEMdcnu7QrAY8Dn334=
github.com/cork89/reddit-go v1.1.1 h1:4IPanB6lqxZ+f32dSGtydxw4GwP8934Or2SZ/RyPNc0=
github.com/cork89/reddit-go v1.1.1/go.mod h1:L2xGgb5I5xlJW8N10lOvj6dg4nqA/eKL6XuWNomdJsM=
github.com/cork89/reddit-go v1.1.2 h1:8hACyVh7EAswrCZo5qfu9Z22eArIiBCEhXsIEm8PuqM=
github.com/cork89/reddit-go v1.1.2/go.mod h1:L2xGgb5I5xlJW8N10lOvj6dg4nqA/eKL6XuWNomdJsM=
github.com/cristalhq/jwt/v5 v5.4.0 h1:Wxi1TocFHaijyV608j7v7B9mPc4ZNjvWT3LKBO0d4QI=
github.com/cristalhq/jwt/v5 v5.4.0/go.mod h1:+b/BzaCWEpFDmXxspJ5h4SdJ1N/45KMjKOetWzmHvDA=
github.com/google/go-cmp v0.7.0 h1:wk8382ETsv4JYUZwIsn6YpYiWiBsYLSJiTsyBybVuN8=
github.com/google/go-cmp v0.7.0/go.mod h1:pXiqmnSA92OHEEa9HXL2W4E7lf9JzCmGVUdgjX3N/iU=
github.com/joho/godotenv v1.5.1 h1:7eLL/+HRGLY0ldzfGMeQkb7vMd0as4CfYvUVzLqw0N0=
github.com/joho/godotenv v1.5.1/go.mod h1:f4LDr5Voq0i2e/R5DDNOoa2zzDfwtkZa6DnEwAbqwq4=
github.com/mattn/go-sqlite3 v1.14.28 h1:ThEiQrnbtumT+QMknw63Befp/ce/nUPgBPMlRFEum7A=
github.com/mattn/go-sqlite3 v1.14.28/go.mod h1:Uh1q+B4BYcTPb+yiD3kU8Ct7aC0hY9fxUwlHK0RXw+Y=
